
Microsoft Visual Studio Solution File, Format Version 12.00
# Visual Studio 14
VisualStudioVersion = 14.0.25420.1
MinimumVisualStudioVersion = 10.0.40219.1
Project("{FAE04EC0-301F-11D3-BF4B-00C04F79EFBC}") = "MultiplesOf3And5", "MultiplesOf3And5\MultiplesOf3And5.csproj", "{D68C8138-1F48-4F40-B691-390A65A9F2F4}"
EndProject
Project("{FAE04EC0-301F-11D3-BF4B-00C04F79EFBC}") = "EvenFibonacciNumbers", "EvenFibonacciNumbers\EvenFibonacciNumbers.csproj", "{5966BF80-8CBD-43F3-8CF4-1275472B5413}"
EndProject
Project("{FAE04EC0-301F-11D3-BF4B-00C04F79EFBC}") = "LargestPrimeFactor", "LargestPrimeFactor\LargestPrimeFactor.csproj", "{FA83EE12-6BF6-4484-80ED-42EC2A8A8DB1}"
EndProject
Project("{FAE04EC0-301F-11D3-BF4B-00C04F79EFBC}") = "Shared", "Shared\Shared.csproj", "{47AF1FFF-4CD4-4D9A-A46C-855507D7CCFE}"
EndProject
Project("{FAE04EC0-301F-11D3-BF4B-00C04F79EFBC}") = "LargestPalindromeProduct", "LargestPalindromeProduct\LargestPalindromeProduct.csproj", "{536C63E5-235D-41D6-A991-636E54728110}"
EndProject
Project("{FAE04EC0-301F-11D3-BF4B-00C04F79EFBC}") = "SmallestMultiple", "SmallestMultiple\SmallestMultiple.csproj", "{0D659285-D42D-4D8D-84BE-15408C509F64}"
EndProject
Project("{FAE04EC0-301F-11D3-BF4B-00C04F79EFBC}") = "SumSquareDifference", "SumSquareDifference\SumSquareDifference.csproj", "{F5110999-2B9B-4D48-A398-60787FCF88FF}"
EndProject
Project("{FAE04EC0-301F-11D3-BF4B-00C04F79EFBC}") = "TenThousandAndOnePrimes", "TenThousandAndOnePrimes\TenThousandAndOnePrimes.csproj", "{5CD5BE2A-8835-42F5-9EEF-ACA0EEBB33FB}"
EndProject
Project("{FAE04EC0-301F-11D3-BF4B-00C04F79EFBC}") = "LargestProductInASeries", "LargestProductInASeries\LargestProductInASeries.csproj", "{4C0905DD-4F00-4A6C-9C9A-C3E4A8A10966}"
EndProject
Project("{FAE04EC0-301F-11D3-BF4B-00C04F79EFBC}") = "SpecialPythagoreanTriplet", "SpecialPythagoreanTriplet\SpecialPythagoreanTriplet.csproj", "{D6426679-86E6-4C6A-960A-198DFE64484D}"
EndProject
Project("{FAE04EC0-301F-11D3-BF4B-00C04F79EFBC}") = "SummationOfPrimes", "SummationOfPrimes\SummationOfPrimes.csproj", "{D18787BB-7AC1-4111-84B9-6E5705A716AC}"
EndProject
Project("{FAE04EC0-301F-11D3-BF4B-00C04F79EFBC}") = "LargestProductInAGrid", "LargestProductInAGrid\LargestProductInAGrid.csproj", "{EF76E5DC-ED1A-46D0-9372-D4480E8528CA}"
EndProject
Project("{FAE04EC0-301F-11D3-BF4B-00C04F79EFBC}") = "HighlyDivisibleTriangularNumber", "HighlyDivisibleTriangularNumber\HighlyDivisibleTriangularNumber.csproj", "{45B7B72C-23DE-4AFC-A343-3CE97D4182BF}"
EndProject
Project("{FAE04EC0-301F-11D3-BF4B-00C04F79EFBC}") = "LargeSum", "LargeSum\LargeSum.csproj", "{E3EBAF24-4137-4D29-90A8-FC6AD1BB706D}"
EndProject
Project("{FAE04EC0-301F-11D3-BF4B-00C04F79EFBC}") = "LongestCollatzSequence", "LongestCollatzSequence\LongestCollatzSequence.csproj", "{D9BA5DF7-FE0E-401C-A5F8-64D9F5DC1529}"
EndProject
Project("{FAE04EC0-301F-11D3-BF4B-00C04F79EFBC}") = "LatticePaths", "LatticePaths\LatticePaths.csproj", "{36DC1BA7-4E27-4E4E-9D92-76D4A644C27A}"
EndProject
Project("{FAE04EC0-301F-11D3-BF4B-00C04F79EFBC}") = "PowerDigitSum", "PowerDigitSum\PowerDigitSum.csproj", "{69B91E09-02CE-49A4-A404-39D781A0CF04}"
EndProject
Project("{FAE04EC0-301F-11D3-BF4B-00C04F79EFBC}") = "NumberLetterCounts", "NumberLetterCounts\NumberLetterCounts.csproj", "{A1DC105D-8C53-429D-A176-B7FA8A974F96}"
EndProject
Project("{FAE04EC0-301F-11D3-BF4B-00C04F79EFBC}") = "MaximumPathSumOneAndTwo", "MaximumPathSumOne\MaximumPathSumOneAndTwo.csproj", "{F70EB75D-7E19-4283-8307-BB8A1FEA37FF}"
EndProject
Project("{FAE04EC0-301F-11D3-BF4B-00C04F79EFBC}") = "CountingSundays", "CountingSundays\CountingSundays.csproj", "{B3BA3FDF-770B-4D55-897B-2A6B0EFE7072}"
EndProject
Project("{FAE04EC0-301F-11D3-BF4B-00C04F79EFBC}") = "FactorialDigitSum", "FactorialDigitSum\FactorialDigitSum.csproj", "{2A857A90-414A-4958-8939-05AC50BD5BC8}"
EndProject
Project("{FAE04EC0-301F-11D3-BF4B-00C04F79EFBC}") = "AmicableNumbers", "AmicableNumbers\AmicableNumbers.csproj", "{9DAF3482-9E35-436E-91C9-ACC00CB1E562}"
EndProject
Project("{2150E333-8FDC-42A3-9474-1A3956D46DE8}") = "1-10", "1-10", "{B2A67782-0478-4497-998F-947CEB59E083}"
EndProject
Project("{2150E333-8FDC-42A3-9474-1A3956D46DE8}") = "11-20", "11-20", "{6D55B5B4-1800-43C4-ACAF-04BFBD1F58B5}"
EndProject
Project("{2150E333-8FDC-42A3-9474-1A3956D46DE8}") = "21-30", "21-30", "{217F9658-6CB5-428F-B158-86C2A8BFD6F1}"
EndProject
Project("{FAE04EC0-301F-11D3-BF4B-00C04F79EFBC}") = "NameScores", "NameScores\NameScores.csproj", "{CCC6DEAE-729F-469B-AF61-0C5906981740}"
EndProject
Project("{FAE04EC0-301F-11D3-BF4B-00C04F79EFBC}") = "NonAbundantSums", "NonAbundantSums\NonAbundantSums.csproj", "{E2301665-99C0-4579-89EB-6D0B68C28C34}"
EndProject
Project("{FAE04EC0-301F-11D3-BF4B-00C04F79EFBC}") = "LexicographicPermutations", "LexicographicPermutations\LexicographicPermutations.csproj", "{C6230C0E-C893-424E-80B5-49BF6D1C86BA}"
EndProject
Project("{FAE04EC0-301F-11D3-BF4B-00C04F79EFBC}") = "ThousandthFibonacci", "ThousandthFibonacci\ThousandthFibonacci.csproj", "{37148776-3252-4BD7-BBF5-AE13EAC3171C}"
EndProject
Project("{FAE04EC0-301F-11D3-BF4B-00C04F79EFBC}") = "ReciprocalCycles", "ReciprocalCycles\ReciprocalCycles.csproj", "{81FA6448-0E53-402B-8BD9-25A79933F1B1}"
EndProject
Project("{FAE04EC0-301F-11D3-BF4B-00C04F79EFBC}") = "QuadraticPrimes", "QuadraticPrimes\QuadraticPrimes.csproj", "{8BD72550-F275-434C-BFF5-0DF2C3EABB0C}"
EndProject
Project("{FAE04EC0-301F-11D3-BF4B-00C04F79EFBC}") = "NumberSpiralDiagonals", "NumberSpiralDiagonals\NumberSpiralDiagonals.csproj", "{98CAE4A0-A633-4C9F-AB29-BA4EEF0133CE}"
EndProject
Project("{FAE04EC0-301F-11D3-BF4B-00C04F79EFBC}") = "DistinctPowers", "DistinctPowers\DistinctPowers.csproj", "{D1D1D022-899E-4D7C-9D11-96338E0F0C05}"
EndProject
Project("{FAE04EC0-301F-11D3-BF4B-00C04F79EFBC}") = "DigitFifthPowers", "DigitFifthPowers\DigitFifthPowers.csproj", "{A94E9765-E0A7-42BB-BDCB-3EBC8B7EE6E6}"
EndProject
Project("{2150E333-8FDC-42A3-9474-1A3956D46DE8}") = "31-40", "31-40", "{24262838-7F72-4392-83D2-F5F7008D26DA}"
EndProject
Project("{FAE04EC0-301F-11D3-BF4B-00C04F79EFBC}") = "CoinSums", "CoinSums\CoinSums.csproj", "{0DAFA2B1-B215-4061-8964-B83ABDC19A96}"
EndProject
Project("{FAE04EC0-301F-11D3-BF4B-00C04F79EFBC}") = "PandigitalProducts", "PandigitalProducts\PandigitalProducts.csproj", "{3C528D3B-7099-4001-9E7C-BBFB918EFA84}"
EndProject
Project("{FAE04EC0-301F-11D3-BF4B-00C04F79EFBC}") = "DigitCancelingFractions", "DigitCancelingFractions\DigitCancelingFractions.csproj", "{2A8F7618-1545-4806-A3C2-8C120717B90C}"
EndProject
Project("{FAE04EC0-301F-11D3-BF4B-00C04F79EFBC}") = "DigitFactorials", "DigitFactorials\DigitFactorials.csproj", "{37CA9CDD-A575-4E5A-BB39-308B3C39D524}"
EndProject
Project("{FAE04EC0-301F-11D3-BF4B-00C04F79EFBC}") = "CircularPrimes", "CircularPrimes\CircularPrimes.csproj", "{B5485018-DF72-4A22-9B7B-6C70BD063880}"
EndProject
Project("{FAE04EC0-301F-11D3-BF4B-00C04F79EFBC}") = "DoubleBasePalindromes", "DoubleBasePalindromes\DoubleBasePalindromes.csproj", "{2C7A3096-171E-4F5B-A9A5-E85A60812F46}"
EndProject
Project("{FAE04EC0-301F-11D3-BF4B-00C04F79EFBC}") = "TruncatablePrimes", "TruncatablePrimes\TruncatablePrimes.csproj", "{E2AD9529-008E-4A42-A44F-08B417E0E1BD}"
EndProject
Project("{FAE04EC0-301F-11D3-BF4B-00C04F79EFBC}") = "PandigitalMultiples", "PandigitalMultiples\PandigitalMultiples.csproj", "{B02C5FCD-C77F-4E37-9918-7A5BC053E827}"
EndProject
Project("{FAE04EC0-301F-11D3-BF4B-00C04F79EFBC}") = "IntegerRightTriangles", "IntegerRightTriangles\IntegerRightTriangles.csproj", "{4799607A-8428-4B8B-AC48-520586EDBD27}"
EndProject
Project("{FAE04EC0-301F-11D3-BF4B-00C04F79EFBC}") = "ChampernownesConstant", "ChampernownesConstant\ChampernownesConstant.csproj", "{1344695C-EE4E-4A6D-870A-E8E128ACC9FA}"
EndProject
Project("{FAE04EC0-301F-11D3-BF4B-00C04F79EFBC}") = "PandigitalPrimes", "PandigitalPrimes\PandigitalPrimes.csproj", "{45DDAE64-45C3-4AA2-9F75-1369D974717C}"
EndProject
Project("{2150E333-8FDC-42A3-9474-1A3956D46DE8}") = "41-50", "41-50", "{D341F530-C844-4DDA-B3FB-783B137E5269}"
EndProject
Project("{FAE04EC0-301F-11D3-BF4B-00C04F79EFBC}") = "CodedTriangleNumbers", "CodedTriangleNumbers\CodedTriangleNumbers.csproj", "{BDFA168E-500C-4FEF-9477-6353B0C19C9A}"
EndProject
Project("{FAE04EC0-301F-11D3-BF4B-00C04F79EFBC}") = "SubStringDivisibility", "SubStringDivisibility\SubStringDivisibility.csproj", "{13D82CB1-9C18-4CAA-9BE6-3266AA5B5147}"
EndProject
Project("{FAE04EC0-301F-11D3-BF4B-00C04F79EFBC}") = "PentagonNumbers", "PentagonNumbers\PentagonNumbers.csproj", "{D80E2AC3-D7F8-40E4-983B-ADBD7C59DF68}"
EndProject
Project("{FAE04EC0-301F-11D3-BF4B-00C04F79EFBC}") = "TriangularPentagonalHexagonalNumbers", "TriangularPentagonalHexagonalNumbers\TriangularPentagonalHexagonalNumbers.csproj", "{EC2734EF-5A07-4F3B-876D-1A9318ECE966}"
EndProject
Project("{FAE04EC0-301F-11D3-BF4B-00C04F79EFBC}") = "GoldbachsOtherConjecture", "GoldbachsOtherConjecture\GoldbachsOtherConjecture.csproj", "{8E92BA80-9846-4C0D-B509-121ADABFB394}"
EndProject
Project("{FAE04EC0-301F-11D3-BF4B-00C04F79EFBC}") = "DistinctPrimeFactors", "DistinctPrimeFactors\DistinctPrimeFactors.csproj", "{FEE13F1D-D2DB-42FD-B48E-0EF7F904E644}"
EndProject
Project("{FAE04EC0-301F-11D3-BF4B-00C04F79EFBC}") = "SelfPowers", "SelfPowers\SelfPowers.csproj", "{BA0EAD59-8C10-4559-8F33-4E7568CC1793}"
EndProject
Project("{FAE04EC0-301F-11D3-BF4B-00C04F79EFBC}") = "PrimePermutations", "PrimePermutations\PrimePermutations.csproj", "{94B401FD-5B10-4647-A7DF-0FD6823B8F80}"
EndProject
Project("{FAE04EC0-301F-11D3-BF4B-00C04F79EFBC}") = "ConsecutivePrimeSum", "ConsecutivePrimeSum\ConsecutivePrimeSum.csproj", "{99807DFE-D696-48D3-BE45-B9D79BBEBD82}"
EndProject
Project("{2150E333-8FDC-42A3-9474-1A3956D46DE8}") = "51-60", "51-60", "{DE51D226-CAB4-4662-9FCE-050DC9D59861}"
EndProject
Project("{FAE04EC0-301F-11D3-BF4B-00C04F79EFBC}") = "PrimeDigitReplacements", "PrimeDigitReplacements\PrimeDigitReplacements.csproj", "{957BA9EE-12E5-4AC1-8DD5-14CC165C62D7}"
EndProject
Project("{2150E333-8FDC-42A3-9474-1A3956D46DE8}") = "81-90", "81-90", "{354E796D-E170-41E1-8E29-DC2B4B89D92E}"
EndProject
Project("{FAE04EC0-301F-11D3-BF4B-00C04F79EFBC}") = "RomanNumerals", "RomanNumerals\RomanNumerals.csproj", "{DDAD1930-5F92-4BE1-81F6-1C106E5F208F}"
EndProject
Project("{FAE04EC0-301F-11D3-BF4B-00C04F79EFBC}") = "PermutedMultiples", "PermutedMultiples\PermutedMultiples.csproj", "{110F62D2-69C9-47E6-B26D-DD3BD0EC1B61}"
EndProject
Global
	GlobalSection(SolutionConfigurationPlatforms) = preSolution
		Debug|Any CPU = Debug|Any CPU
		Release|Any CPU = Release|Any CPU
	EndGlobalSection
	GlobalSection(ProjectConfigurationPlatforms) = postSolution
		{D68C8138-1F48-4F40-B691-390A65A9F2F4}.Debug|Any CPU.ActiveCfg = Debug|Any CPU
		{D68C8138-1F48-4F40-B691-390A65A9F2F4}.Debug|Any CPU.Build.0 = Debug|Any CPU
		{D68C8138-1F48-4F40-B691-390A65A9F2F4}.Release|Any CPU.ActiveCfg = Release|Any CPU
		{D68C8138-1F48-4F40-B691-390A65A9F2F4}.Release|Any CPU.Build.0 = Release|Any CPU
		{5966BF80-8CBD-43F3-8CF4-1275472B5413}.Debug|Any CPU.ActiveCfg = Debug|Any CPU
		{5966BF80-8CBD-43F3-8CF4-1275472B5413}.Debug|Any CPU.Build.0 = Debug|Any CPU
		{5966BF80-8CBD-43F3-8CF4-1275472B5413}.Release|Any CPU.ActiveCfg = Release|Any CPU
		{5966BF80-8CBD-43F3-8CF4-1275472B5413}.Release|Any CPU.Build.0 = Release|Any CPU
		{FA83EE12-6BF6-4484-80ED-42EC2A8A8DB1}.Debug|Any CPU.ActiveCfg = Debug|Any CPU
		{FA83EE12-6BF6-4484-80ED-42EC2A8A8DB1}.Debug|Any CPU.Build.0 = Debug|Any CPU
		{FA83EE12-6BF6-4484-80ED-42EC2A8A8DB1}.Release|Any CPU.ActiveCfg = Release|Any CPU
		{FA83EE12-6BF6-4484-80ED-42EC2A8A8DB1}.Release|Any CPU.Build.0 = Release|Any CPU
		{47AF1FFF-4CD4-4D9A-A46C-855507D7CCFE}.Debug|Any CPU.ActiveCfg = Debug|Any CPU
		{47AF1FFF-4CD4-4D9A-A46C-855507D7CCFE}.Debug|Any CPU.Build.0 = Debug|Any CPU
		{47AF1FFF-4CD4-4D9A-A46C-855507D7CCFE}.Release|Any CPU.ActiveCfg = Release|Any CPU
		{47AF1FFF-4CD4-4D9A-A46C-855507D7CCFE}.Release|Any CPU.Build.0 = Release|Any CPU
		{536C63E5-235D-41D6-A991-636E54728110}.Debug|Any CPU.ActiveCfg = Debug|Any CPU
		{536C63E5-235D-41D6-A991-636E54728110}.Debug|Any CPU.Build.0 = Debug|Any CPU
		{536C63E5-235D-41D6-A991-636E54728110}.Release|Any CPU.ActiveCfg = Release|Any CPU
		{536C63E5-235D-41D6-A991-636E54728110}.Release|Any CPU.Build.0 = Release|Any CPU
		{0D659285-D42D-4D8D-84BE-15408C509F64}.Debug|Any CPU.ActiveCfg = Debug|Any CPU
		{0D659285-D42D-4D8D-84BE-15408C509F64}.Debug|Any CPU.Build.0 = Debug|Any CPU
		{0D659285-D42D-4D8D-84BE-15408C509F64}.Release|Any CPU.ActiveCfg = Release|Any CPU
		{0D659285-D42D-4D8D-84BE-15408C509F64}.Release|Any CPU.Build.0 = Release|Any CPU
		{F5110999-2B9B-4D48-A398-60787FCF88FF}.Debug|Any CPU.ActiveCfg = Debug|Any CPU
		{F5110999-2B9B-4D48-A398-60787FCF88FF}.Debug|Any CPU.Build.0 = Debug|Any CPU
		{F5110999-2B9B-4D48-A398-60787FCF88FF}.Release|Any CPU.ActiveCfg = Release|Any CPU
		{F5110999-2B9B-4D48-A398-60787FCF88FF}.Release|Any CPU.Build.0 = Release|Any CPU
		{5CD5BE2A-8835-42F5-9EEF-ACA0EEBB33FB}.Debug|Any CPU.ActiveCfg = Debug|Any CPU
		{5CD5BE2A-8835-42F5-9EEF-ACA0EEBB33FB}.Debug|Any CPU.Build.0 = Debug|Any CPU
		{5CD5BE2A-8835-42F5-9EEF-ACA0EEBB33FB}.Release|Any CPU.ActiveCfg = Release|Any CPU
		{5CD5BE2A-8835-42F5-9EEF-ACA0EEBB33FB}.Release|Any CPU.Build.0 = Release|Any CPU
		{4C0905DD-4F00-4A6C-9C9A-C3E4A8A10966}.Debug|Any CPU.ActiveCfg = Debug|Any CPU
		{4C0905DD-4F00-4A6C-9C9A-C3E4A8A10966}.Debug|Any CPU.Build.0 = Debug|Any CPU
		{4C0905DD-4F00-4A6C-9C9A-C3E4A8A10966}.Release|Any CPU.ActiveCfg = Release|Any CPU
		{4C0905DD-4F00-4A6C-9C9A-C3E4A8A10966}.Release|Any CPU.Build.0 = Release|Any CPU
		{D6426679-86E6-4C6A-960A-198DFE64484D}.Debug|Any CPU.ActiveCfg = Debug|Any CPU
		{D6426679-86E6-4C6A-960A-198DFE64484D}.Debug|Any CPU.Build.0 = Debug|Any CPU
		{D6426679-86E6-4C6A-960A-198DFE64484D}.Release|Any CPU.ActiveCfg = Release|Any CPU
		{D6426679-86E6-4C6A-960A-198DFE64484D}.Release|Any CPU.Build.0 = Release|Any CPU
		{D18787BB-7AC1-4111-84B9-6E5705A716AC}.Debug|Any CPU.ActiveCfg = Debug|Any CPU
		{D18787BB-7AC1-4111-84B9-6E5705A716AC}.Debug|Any CPU.Build.0 = Debug|Any CPU
		{D18787BB-7AC1-4111-84B9-6E5705A716AC}.Release|Any CPU.ActiveCfg = Release|Any CPU
		{D18787BB-7AC1-4111-84B9-6E5705A716AC}.Release|Any CPU.Build.0 = Release|Any CPU
		{EF76E5DC-ED1A-46D0-9372-D4480E8528CA}.Debug|Any CPU.ActiveCfg = Debug|Any CPU
		{EF76E5DC-ED1A-46D0-9372-D4480E8528CA}.Debug|Any CPU.Build.0 = Debug|Any CPU
		{EF76E5DC-ED1A-46D0-9372-D4480E8528CA}.Release|Any CPU.ActiveCfg = Release|Any CPU
		{EF76E5DC-ED1A-46D0-9372-D4480E8528CA}.Release|Any CPU.Build.0 = Release|Any CPU
		{45B7B72C-23DE-4AFC-A343-3CE97D4182BF}.Debug|Any CPU.ActiveCfg = Debug|Any CPU
		{45B7B72C-23DE-4AFC-A343-3CE97D4182BF}.Debug|Any CPU.Build.0 = Debug|Any CPU
		{45B7B72C-23DE-4AFC-A343-3CE97D4182BF}.Release|Any CPU.ActiveCfg = Release|Any CPU
		{45B7B72C-23DE-4AFC-A343-3CE97D4182BF}.Release|Any CPU.Build.0 = Release|Any CPU
		{E3EBAF24-4137-4D29-90A8-FC6AD1BB706D}.Debug|Any CPU.ActiveCfg = Debug|Any CPU
		{E3EBAF24-4137-4D29-90A8-FC6AD1BB706D}.Debug|Any CPU.Build.0 = Debug|Any CPU
		{E3EBAF24-4137-4D29-90A8-FC6AD1BB706D}.Release|Any CPU.ActiveCfg = Release|Any CPU
		{E3EBAF24-4137-4D29-90A8-FC6AD1BB706D}.Release|Any CPU.Build.0 = Release|Any CPU
		{D9BA5DF7-FE0E-401C-A5F8-64D9F5DC1529}.Debug|Any CPU.ActiveCfg = Debug|Any CPU
		{D9BA5DF7-FE0E-401C-A5F8-64D9F5DC1529}.Debug|Any CPU.Build.0 = Debug|Any CPU
		{D9BA5DF7-FE0E-401C-A5F8-64D9F5DC1529}.Release|Any CPU.ActiveCfg = Release|Any CPU
		{D9BA5DF7-FE0E-401C-A5F8-64D9F5DC1529}.Release|Any CPU.Build.0 = Release|Any CPU
		{36DC1BA7-4E27-4E4E-9D92-76D4A644C27A}.Debug|Any CPU.ActiveCfg = Debug|Any CPU
		{36DC1BA7-4E27-4E4E-9D92-76D4A644C27A}.Debug|Any CPU.Build.0 = Debug|Any CPU
		{36DC1BA7-4E27-4E4E-9D92-76D4A644C27A}.Release|Any CPU.ActiveCfg = Release|Any CPU
		{36DC1BA7-4E27-4E4E-9D92-76D4A644C27A}.Release|Any CPU.Build.0 = Release|Any CPU
		{69B91E09-02CE-49A4-A404-39D781A0CF04}.Debug|Any CPU.ActiveCfg = Debug|Any CPU
		{69B91E09-02CE-49A4-A404-39D781A0CF04}.Debug|Any CPU.Build.0 = Debug|Any CPU
		{69B91E09-02CE-49A4-A404-39D781A0CF04}.Release|Any CPU.ActiveCfg = Release|Any CPU
		{69B91E09-02CE-49A4-A404-39D781A0CF04}.Release|Any CPU.Build.0 = Release|Any CPU
		{A1DC105D-8C53-429D-A176-B7FA8A974F96}.Debug|Any CPU.ActiveCfg = Debug|Any CPU
		{A1DC105D-8C53-429D-A176-B7FA8A974F96}.Debug|Any CPU.Build.0 = Debug|Any CPU
		{A1DC105D-8C53-429D-A176-B7FA8A974F96}.Release|Any CPU.ActiveCfg = Release|Any CPU
		{A1DC105D-8C53-429D-A176-B7FA8A974F96}.Release|Any CPU.Build.0 = Release|Any CPU
		{F70EB75D-7E19-4283-8307-BB8A1FEA37FF}.Debug|Any CPU.ActiveCfg = Debug|Any CPU
		{F70EB75D-7E19-4283-8307-BB8A1FEA37FF}.Debug|Any CPU.Build.0 = Debug|Any CPU
		{F70EB75D-7E19-4283-8307-BB8A1FEA37FF}.Release|Any CPU.ActiveCfg = Release|Any CPU
		{F70EB75D-7E19-4283-8307-BB8A1FEA37FF}.Release|Any CPU.Build.0 = Release|Any CPU
		{B3BA3FDF-770B-4D55-897B-2A6B0EFE7072}.Debug|Any CPU.ActiveCfg = Debug|Any CPU
		{B3BA3FDF-770B-4D55-897B-2A6B0EFE7072}.Debug|Any CPU.Build.0 = Debug|Any CPU
		{B3BA3FDF-770B-4D55-897B-2A6B0EFE7072}.Release|Any CPU.ActiveCfg = Release|Any CPU
		{B3BA3FDF-770B-4D55-897B-2A6B0EFE7072}.Release|Any CPU.Build.0 = Release|Any CPU
		{2A857A90-414A-4958-8939-05AC50BD5BC8}.Debug|Any CPU.ActiveCfg = Debug|Any CPU
		{2A857A90-414A-4958-8939-05AC50BD5BC8}.Debug|Any CPU.Build.0 = Debug|Any CPU
		{2A857A90-414A-4958-8939-05AC50BD5BC8}.Release|Any CPU.ActiveCfg = Release|Any CPU
		{2A857A90-414A-4958-8939-05AC50BD5BC8}.Release|Any CPU.Build.0 = Release|Any CPU
		{9DAF3482-9E35-436E-91C9-ACC00CB1E562}.Debug|Any CPU.ActiveCfg = Debug|Any CPU
		{9DAF3482-9E35-436E-91C9-ACC00CB1E562}.Debug|Any CPU.Build.0 = Debug|Any CPU
		{9DAF3482-9E35-436E-91C9-ACC00CB1E562}.Release|Any CPU.ActiveCfg = Release|Any CPU
		{9DAF3482-9E35-436E-91C9-ACC00CB1E562}.Release|Any CPU.Build.0 = Release|Any CPU
		{CCC6DEAE-729F-469B-AF61-0C5906981740}.Debug|Any CPU.ActiveCfg = Debug|Any CPU
		{CCC6DEAE-729F-469B-AF61-0C5906981740}.Debug|Any CPU.Build.0 = Debug|Any CPU
		{CCC6DEAE-729F-469B-AF61-0C5906981740}.Release|Any CPU.ActiveCfg = Release|Any CPU
		{CCC6DEAE-729F-469B-AF61-0C5906981740}.Release|Any CPU.Build.0 = Release|Any CPU
		{E2301665-99C0-4579-89EB-6D0B68C28C34}.Debug|Any CPU.ActiveCfg = Debug|Any CPU
		{E2301665-99C0-4579-89EB-6D0B68C28C34}.Debug|Any CPU.Build.0 = Debug|Any CPU
		{E2301665-99C0-4579-89EB-6D0B68C28C34}.Release|Any CPU.ActiveCfg = Release|Any CPU
		{E2301665-99C0-4579-89EB-6D0B68C28C34}.Release|Any CPU.Build.0 = Release|Any CPU
		{C6230C0E-C893-424E-80B5-49BF6D1C86BA}.Debug|Any CPU.ActiveCfg = Debug|Any CPU
		{C6230C0E-C893-424E-80B5-49BF6D1C86BA}.Debug|Any CPU.Build.0 = Debug|Any CPU
		{C6230C0E-C893-424E-80B5-49BF6D1C86BA}.Release|Any CPU.ActiveCfg = Release|Any CPU
		{C6230C0E-C893-424E-80B5-49BF6D1C86BA}.Release|Any CPU.Build.0 = Release|Any CPU
		{37148776-3252-4BD7-BBF5-AE13EAC3171C}.Debug|Any CPU.ActiveCfg = Debug|Any CPU
		{37148776-3252-4BD7-BBF5-AE13EAC3171C}.Debug|Any CPU.Build.0 = Debug|Any CPU
		{37148776-3252-4BD7-BBF5-AE13EAC3171C}.Release|Any CPU.ActiveCfg = Release|Any CPU
		{37148776-3252-4BD7-BBF5-AE13EAC3171C}.Release|Any CPU.Build.0 = Release|Any CPU
		{81FA6448-0E53-402B-8BD9-25A79933F1B1}.Debug|Any CPU.ActiveCfg = Debug|Any CPU
		{81FA6448-0E53-402B-8BD9-25A79933F1B1}.Debug|Any CPU.Build.0 = Debug|Any CPU
		{81FA6448-0E53-402B-8BD9-25A79933F1B1}.Release|Any CPU.ActiveCfg = Release|Any CPU
		{81FA6448-0E53-402B-8BD9-25A79933F1B1}.Release|Any CPU.Build.0 = Release|Any CPU
		{8BD72550-F275-434C-BFF5-0DF2C3EABB0C}.Debug|Any CPU.ActiveCfg = Debug|Any CPU
		{8BD72550-F275-434C-BFF5-0DF2C3EABB0C}.Debug|Any CPU.Build.0 = Debug|Any CPU
		{8BD72550-F275-434C-BFF5-0DF2C3EABB0C}.Release|Any CPU.ActiveCfg = Release|Any CPU
		{8BD72550-F275-434C-BFF5-0DF2C3EABB0C}.Release|Any CPU.Build.0 = Release|Any CPU
		{98CAE4A0-A633-4C9F-AB29-BA4EEF0133CE}.Debug|Any CPU.ActiveCfg = Debug|Any CPU
		{98CAE4A0-A633-4C9F-AB29-BA4EEF0133CE}.Debug|Any CPU.Build.0 = Debug|Any CPU
		{98CAE4A0-A633-4C9F-AB29-BA4EEF0133CE}.Release|Any CPU.ActiveCfg = Release|Any CPU
		{98CAE4A0-A633-4C9F-AB29-BA4EEF0133CE}.Release|Any CPU.Build.0 = Release|Any CPU
		{D1D1D022-899E-4D7C-9D11-96338E0F0C05}.Debug|Any CPU.ActiveCfg = Debug|Any CPU
		{D1D1D022-899E-4D7C-9D11-96338E0F0C05}.Debug|Any CPU.Build.0 = Debug|Any CPU
		{D1D1D022-899E-4D7C-9D11-96338E0F0C05}.Release|Any CPU.ActiveCfg = Release|Any CPU
		{D1D1D022-899E-4D7C-9D11-96338E0F0C05}.Release|Any CPU.Build.0 = Release|Any CPU
		{A94E9765-E0A7-42BB-BDCB-3EBC8B7EE6E6}.Debug|Any CPU.ActiveCfg = Debug|Any CPU
		{A94E9765-E0A7-42BB-BDCB-3EBC8B7EE6E6}.Debug|Any CPU.Build.0 = Debug|Any CPU
		{A94E9765-E0A7-42BB-BDCB-3EBC8B7EE6E6}.Release|Any CPU.ActiveCfg = Release|Any CPU
		{A94E9765-E0A7-42BB-BDCB-3EBC8B7EE6E6}.Release|Any CPU.Build.0 = Release|Any CPU
		{0DAFA2B1-B215-4061-8964-B83ABDC19A96}.Debug|Any CPU.ActiveCfg = Debug|Any CPU
		{0DAFA2B1-B215-4061-8964-B83ABDC19A96}.Debug|Any CPU.Build.0 = Debug|Any CPU
		{0DAFA2B1-B215-4061-8964-B83ABDC19A96}.Release|Any CPU.ActiveCfg = Release|Any CPU
		{0DAFA2B1-B215-4061-8964-B83ABDC19A96}.Release|Any CPU.Build.0 = Release|Any CPU
		{3C528D3B-7099-4001-9E7C-BBFB918EFA84}.Debug|Any CPU.ActiveCfg = Debug|Any CPU
		{3C528D3B-7099-4001-9E7C-BBFB918EFA84}.Debug|Any CPU.Build.0 = Debug|Any CPU
		{3C528D3B-7099-4001-9E7C-BBFB918EFA84}.Release|Any CPU.ActiveCfg = Release|Any CPU
		{3C528D3B-7099-4001-9E7C-BBFB918EFA84}.Release|Any CPU.Build.0 = Release|Any CPU
		{2A8F7618-1545-4806-A3C2-8C120717B90C}.Debug|Any CPU.ActiveCfg = Debug|Any CPU
		{2A8F7618-1545-4806-A3C2-8C120717B90C}.Debug|Any CPU.Build.0 = Debug|Any CPU
		{2A8F7618-1545-4806-A3C2-8C120717B90C}.Release|Any CPU.ActiveCfg = Release|Any CPU
		{2A8F7618-1545-4806-A3C2-8C120717B90C}.Release|Any CPU.Build.0 = Release|Any CPU
		{37CA9CDD-A575-4E5A-BB39-308B3C39D524}.Debug|Any CPU.ActiveCfg = Debug|Any CPU
		{37CA9CDD-A575-4E5A-BB39-308B3C39D524}.Debug|Any CPU.Build.0 = Debug|Any CPU
		{37CA9CDD-A575-4E5A-BB39-308B3C39D524}.Release|Any CPU.ActiveCfg = Release|Any CPU
		{37CA9CDD-A575-4E5A-BB39-308B3C39D524}.Release|Any CPU.Build.0 = Release|Any CPU
		{B5485018-DF72-4A22-9B7B-6C70BD063880}.Debug|Any CPU.ActiveCfg = Debug|Any CPU
		{B5485018-DF72-4A22-9B7B-6C70BD063880}.Debug|Any CPU.Build.0 = Debug|Any CPU
		{B5485018-DF72-4A22-9B7B-6C70BD063880}.Release|Any CPU.ActiveCfg = Release|Any CPU
		{B5485018-DF72-4A22-9B7B-6C70BD063880}.Release|Any CPU.Build.0 = Release|Any CPU
		{2C7A3096-171E-4F5B-A9A5-E85A60812F46}.Debug|Any CPU.ActiveCfg = Debug|Any CPU
		{2C7A3096-171E-4F5B-A9A5-E85A60812F46}.Debug|Any CPU.Build.0 = Debug|Any CPU
		{2C7A3096-171E-4F5B-A9A5-E85A60812F46}.Release|Any CPU.ActiveCfg = Release|Any CPU
		{2C7A3096-171E-4F5B-A9A5-E85A60812F46}.Release|Any CPU.Build.0 = Release|Any CPU
		{E2AD9529-008E-4A42-A44F-08B417E0E1BD}.Debug|Any CPU.ActiveCfg = Debug|Any CPU
		{E2AD9529-008E-4A42-A44F-08B417E0E1BD}.Debug|Any CPU.Build.0 = Debug|Any CPU
		{E2AD9529-008E-4A42-A44F-08B417E0E1BD}.Release|Any CPU.ActiveCfg = Release|Any CPU
		{E2AD9529-008E-4A42-A44F-08B417E0E1BD}.Release|Any CPU.Build.0 = Release|Any CPU
		{B02C5FCD-C77F-4E37-9918-7A5BC053E827}.Debug|Any CPU.ActiveCfg = Debug|Any CPU
		{B02C5FCD-C77F-4E37-9918-7A5BC053E827}.Debug|Any CPU.Build.0 = Debug|Any CPU
		{B02C5FCD-C77F-4E37-9918-7A5BC053E827}.Release|Any CPU.ActiveCfg = Release|Any CPU
		{B02C5FCD-C77F-4E37-9918-7A5BC053E827}.Release|Any CPU.Build.0 = Release|Any CPU
		{4799607A-8428-4B8B-AC48-520586EDBD27}.Debug|Any CPU.ActiveCfg = Debug|Any CPU
		{4799607A-8428-4B8B-AC48-520586EDBD27}.Debug|Any CPU.Build.0 = Debug|Any CPU
		{4799607A-8428-4B8B-AC48-520586EDBD27}.Release|Any CPU.ActiveCfg = Release|Any CPU
		{4799607A-8428-4B8B-AC48-520586EDBD27}.Release|Any CPU.Build.0 = Release|Any CPU
		{1344695C-EE4E-4A6D-870A-E8E128ACC9FA}.Debug|Any CPU.ActiveCfg = Debug|Any CPU
		{1344695C-EE4E-4A6D-870A-E8E128ACC9FA}.Debug|Any CPU.Build.0 = Debug|Any CPU
		{1344695C-EE4E-4A6D-870A-E8E128ACC9FA}.Release|Any CPU.ActiveCfg = Release|Any CPU
		{1344695C-EE4E-4A6D-870A-E8E128ACC9FA}.Release|Any CPU.Build.0 = Release|Any CPU
		{45DDAE64-45C3-4AA2-9F75-1369D974717C}.Debug|Any CPU.ActiveCfg = Debug|Any CPU
		{45DDAE64-45C3-4AA2-9F75-1369D974717C}.Debug|Any CPU.Build.0 = Debug|Any CPU
		{45DDAE64-45C3-4AA2-9F75-1369D974717C}.Release|Any CPU.ActiveCfg = Release|Any CPU
		{45DDAE64-45C3-4AA2-9F75-1369D974717C}.Release|Any CPU.Build.0 = Release|Any CPU
		{BDFA168E-500C-4FEF-9477-6353B0C19C9A}.Debug|Any CPU.ActiveCfg = Debug|Any CPU
		{BDFA168E-500C-4FEF-9477-6353B0C19C9A}.Debug|Any CPU.Build.0 = Debug|Any CPU
		{BDFA168E-500C-4FEF-9477-6353B0C19C9A}.Release|Any CPU.ActiveCfg = Release|Any CPU
		{BDFA168E-500C-4FEF-9477-6353B0C19C9A}.Release|Any CPU.Build.0 = Release|Any CPU
		{13D82CB1-9C18-4CAA-9BE6-3266AA5B5147}.Debug|Any CPU.ActiveCfg = Debug|Any CPU
		{13D82CB1-9C18-4CAA-9BE6-3266AA5B5147}.Debug|Any CPU.Build.0 = Debug|Any CPU
		{13D82CB1-9C18-4CAA-9BE6-3266AA5B5147}.Release|Any CPU.ActiveCfg = Release|Any CPU
		{13D82CB1-9C18-4CAA-9BE6-3266AA5B5147}.Release|Any CPU.Build.0 = Release|Any CPU
		{D80E2AC3-D7F8-40E4-983B-ADBD7C59DF68}.Debug|Any CPU.ActiveCfg = Debug|Any CPU
		{D80E2AC3-D7F8-40E4-983B-ADBD7C59DF68}.Debug|Any CPU.Build.0 = Debug|Any CPU
		{D80E2AC3-D7F8-40E4-983B-ADBD7C59DF68}.Release|Any CPU.ActiveCfg = Release|Any CPU
		{D80E2AC3-D7F8-40E4-983B-ADBD7C59DF68}.Release|Any CPU.Build.0 = Release|Any CPU
		{EC2734EF-5A07-4F3B-876D-1A9318ECE966}.Debug|Any CPU.ActiveCfg = Debug|Any CPU
		{EC2734EF-5A07-4F3B-876D-1A9318ECE966}.Debug|Any CPU.Build.0 = Debug|Any CPU
		{EC2734EF-5A07-4F3B-876D-1A9318ECE966}.Release|Any CPU.ActiveCfg = Release|Any CPU
		{EC2734EF-5A07-4F3B-876D-1A9318ECE966}.Release|Any CPU.Build.0 = Release|Any CPU
		{8E92BA80-9846-4C0D-B509-121ADABFB394}.Debug|Any CPU.ActiveCfg = Debug|Any CPU
		{8E92BA80-9846-4C0D-B509-121ADABFB394}.Debug|Any CPU.Build.0 = Debug|Any CPU
		{8E92BA80-9846-4C0D-B509-121ADABFB394}.Release|Any CPU.ActiveCfg = Release|Any CPU
		{8E92BA80-9846-4C0D-B509-121ADABFB394}.Release|Any CPU.Build.0 = Release|Any CPU
		{FEE13F1D-D2DB-42FD-B48E-0EF7F904E644}.Debug|Any CPU.ActiveCfg = Debug|Any CPU
		{FEE13F1D-D2DB-42FD-B48E-0EF7F904E644}.Debug|Any CPU.Build.0 = Debug|Any CPU
		{FEE13F1D-D2DB-42FD-B48E-0EF7F904E644}.Release|Any CPU.ActiveCfg = Release|Any CPU
		{FEE13F1D-D2DB-42FD-B48E-0EF7F904E644}.Release|Any CPU.Build.0 = Release|Any CPU
		{BA0EAD59-8C10-4559-8F33-4E7568CC1793}.Debug|Any CPU.ActiveCfg = Debug|Any CPU
		{BA0EAD59-8C10-4559-8F33-4E7568CC1793}.Debug|Any CPU.Build.0 = Debug|Any CPU
		{BA0EAD59-8C10-4559-8F33-4E7568CC1793}.Release|Any CPU.ActiveCfg = Release|Any CPU
		{BA0EAD59-8C10-4559-8F33-4E7568CC1793}.Release|Any CPU.Build.0 = Release|Any CPU
		{94B401FD-5B10-4647-A7DF-0FD6823B8F80}.Debug|Any CPU.ActiveCfg = Debug|Any CPU
		{94B401FD-5B10-4647-A7DF-0FD6823B8F80}.Debug|Any CPU.Build.0 = Debug|Any CPU
		{94B401FD-5B10-4647-A7DF-0FD6823B8F80}.Release|Any CPU.ActiveCfg = Release|Any CPU
		{94B401FD-5B10-4647-A7DF-0FD6823B8F80}.Release|Any CPU.Build.0 = Release|Any CPU
		{99807DFE-D696-48D3-BE45-B9D79BBEBD82}.Debug|Any CPU.ActiveCfg = Debug|Any CPU
		{99807DFE-D696-48D3-BE45-B9D79BBEBD82}.Debug|Any CPU.Build.0 = Debug|Any CPU
		{99807DFE-D696-48D3-BE45-B9D79BBEBD82}.Release|Any CPU.ActiveCfg = Release|Any CPU
		{99807DFE-D696-48D3-BE45-B9D79BBEBD82}.Release|Any CPU.Build.0 = Release|Any CPU
		{957BA9EE-12E5-4AC1-8DD5-14CC165C62D7}.Debug|Any CPU.ActiveCfg = Debug|Any CPU
		{957BA9EE-12E5-4AC1-8DD5-14CC165C62D7}.Debug|Any CPU.Build.0 = Debug|Any CPU
		{957BA9EE-12E5-4AC1-8DD5-14CC165C62D7}.Release|Any CPU.ActiveCfg = Release|Any CPU
		{957BA9EE-12E5-4AC1-8DD5-14CC165C62D7}.Release|Any CPU.Build.0 = Release|Any CPU
		{DDAD1930-5F92-4BE1-81F6-1C106E5F208F}.Debug|Any CPU.ActiveCfg = Debug|Any CPU
		{DDAD1930-5F92-4BE1-81F6-1C106E5F208F}.Debug|Any CPU.Build.0 = Debug|Any CPU
		{DDAD1930-5F92-4BE1-81F6-1C106E5F208F}.Release|Any CPU.ActiveCfg = Release|Any CPU
		{DDAD1930-5F92-4BE1-81F6-1C106E5F208F}.Release|Any CPU.Build.0 = Release|Any CPU
		{110F62D2-69C9-47E6-B26D-DD3BD0EC1B61}.Debug|Any CPU.ActiveCfg = Debug|Any CPU
		{110F62D2-69C9-47E6-B26D-DD3BD0EC1B61}.Debug|Any CPU.Build.0 = Debug|Any CPU
		{110F62D2-69C9-47E6-B26D-DD3BD0EC1B61}.Release|Any CPU.ActiveCfg = Release|Any CPU
		{110F62D2-69C9-47E6-B26D-DD3BD0EC1B61}.Release|Any CPU.Build.0 = Release|Any CPU
	EndGlobalSection
	GlobalSection(SolutionProperties) = preSolution
		HideSolutionNode = FALSE
	EndGlobalSection
	GlobalSection(NestedProjects) = preSolution
		{D68C8138-1F48-4F40-B691-390A65A9F2F4} = {B2A67782-0478-4497-998F-947CEB59E083}
		{5966BF80-8CBD-43F3-8CF4-1275472B5413} = {B2A67782-0478-4497-998F-947CEB59E083}
		{FA83EE12-6BF6-4484-80ED-42EC2A8A8DB1} = {B2A67782-0478-4497-998F-947CEB59E083}
		{536C63E5-235D-41D6-A991-636E54728110} = {B2A67782-0478-4497-998F-947CEB59E083}
		{0D659285-D42D-4D8D-84BE-15408C509F64} = {B2A67782-0478-4497-998F-947CEB59E083}
		{F5110999-2B9B-4D48-A398-60787FCF88FF} = {B2A67782-0478-4497-998F-947CEB59E083}
		{5CD5BE2A-8835-42F5-9EEF-ACA0EEBB33FB} = {B2A67782-0478-4497-998F-947CEB59E083}
		{4C0905DD-4F00-4A6C-9C9A-C3E4A8A10966} = {B2A67782-0478-4497-998F-947CEB59E083}
		{D6426679-86E6-4C6A-960A-198DFE64484D} = {B2A67782-0478-4497-998F-947CEB59E083}
		{D18787BB-7AC1-4111-84B9-6E5705A716AC} = {B2A67782-0478-4497-998F-947CEB59E083}
		{EF76E5DC-ED1A-46D0-9372-D4480E8528CA} = {6D55B5B4-1800-43C4-ACAF-04BFBD1F58B5}
		{45B7B72C-23DE-4AFC-A343-3CE97D4182BF} = {6D55B5B4-1800-43C4-ACAF-04BFBD1F58B5}
		{E3EBAF24-4137-4D29-90A8-FC6AD1BB706D} = {6D55B5B4-1800-43C4-ACAF-04BFBD1F58B5}
		{D9BA5DF7-FE0E-401C-A5F8-64D9F5DC1529} = {6D55B5B4-1800-43C4-ACAF-04BFBD1F58B5}
		{36DC1BA7-4E27-4E4E-9D92-76D4A644C27A} = {6D55B5B4-1800-43C4-ACAF-04BFBD1F58B5}
		{69B91E09-02CE-49A4-A404-39D781A0CF04} = {6D55B5B4-1800-43C4-ACAF-04BFBD1F58B5}
		{A1DC105D-8C53-429D-A176-B7FA8A974F96} = {6D55B5B4-1800-43C4-ACAF-04BFBD1F58B5}
		{F70EB75D-7E19-4283-8307-BB8A1FEA37FF} = {6D55B5B4-1800-43C4-ACAF-04BFBD1F58B5}
		{B3BA3FDF-770B-4D55-897B-2A6B0EFE7072} = {6D55B5B4-1800-43C4-ACAF-04BFBD1F58B5}
		{2A857A90-414A-4958-8939-05AC50BD5BC8} = {6D55B5B4-1800-43C4-ACAF-04BFBD1F58B5}
		{9DAF3482-9E35-436E-91C9-ACC00CB1E562} = {217F9658-6CB5-428F-B158-86C2A8BFD6F1}
		{CCC6DEAE-729F-469B-AF61-0C5906981740} = {217F9658-6CB5-428F-B158-86C2A8BFD6F1}
		{E2301665-99C0-4579-89EB-6D0B68C28C34} = {217F9658-6CB5-428F-B158-86C2A8BFD6F1}
		{C6230C0E-C893-424E-80B5-49BF6D1C86BA} = {217F9658-6CB5-428F-B158-86C2A8BFD6F1}
		{37148776-3252-4BD7-BBF5-AE13EAC3171C} = {217F9658-6CB5-428F-B158-86C2A8BFD6F1}
		{81FA6448-0E53-402B-8BD9-25A79933F1B1} = {217F9658-6CB5-428F-B158-86C2A8BFD6F1}
		{8BD72550-F275-434C-BFF5-0DF2C3EABB0C} = {217F9658-6CB5-428F-B158-86C2A8BFD6F1}
		{98CAE4A0-A633-4C9F-AB29-BA4EEF0133CE} = {217F9658-6CB5-428F-B158-86C2A8BFD6F1}
		{D1D1D022-899E-4D7C-9D11-96338E0F0C05} = {217F9658-6CB5-428F-B158-86C2A8BFD6F1}
		{A94E9765-E0A7-42BB-BDCB-3EBC8B7EE6E6} = {217F9658-6CB5-428F-B158-86C2A8BFD6F1}
		{0DAFA2B1-B215-4061-8964-B83ABDC19A96} = {24262838-7F72-4392-83D2-F5F7008D26DA}
		{3C528D3B-7099-4001-9E7C-BBFB918EFA84} = {24262838-7F72-4392-83D2-F5F7008D26DA}
		{2A8F7618-1545-4806-A3C2-8C120717B90C} = {24262838-7F72-4392-83D2-F5F7008D26DA}
		{37CA9CDD-A575-4E5A-BB39-308B3C39D524} = {24262838-7F72-4392-83D2-F5F7008D26DA}
		{B5485018-DF72-4A22-9B7B-6C70BD063880} = {24262838-7F72-4392-83D2-F5F7008D26DA}
		{2C7A3096-171E-4F5B-A9A5-E85A60812F46} = {24262838-7F72-4392-83D2-F5F7008D26DA}
		{E2AD9529-008E-4A42-A44F-08B417E0E1BD} = {24262838-7F72-4392-83D2-F5F7008D26DA}
		{B02C5FCD-C77F-4E37-9918-7A5BC053E827} = {24262838-7F72-4392-83D2-F5F7008D26DA}
		{4799607A-8428-4B8B-AC48-520586EDBD27} = {24262838-7F72-4392-83D2-F5F7008D26DA}
		{1344695C-EE4E-4A6D-870A-E8E128ACC9FA} = {24262838-7F72-4392-83D2-F5F7008D26DA}
		{45DDAE64-45C3-4AA2-9F75-1369D974717C} = {D341F530-C844-4DDA-B3FB-783B137E5269}
		{BDFA168E-500C-4FEF-9477-6353B0C19C9A} = {D341F530-C844-4DDA-B3FB-783B137E5269}
		{13D82CB1-9C18-4CAA-9BE6-3266AA5B5147} = {D341F530-C844-4DDA-B3FB-783B137E5269}
		{D80E2AC3-D7F8-40E4-983B-ADBD7C59DF68} = {D341F530-C844-4DDA-B3FB-783B137E5269}
		{EC2734EF-5A07-4F3B-876D-1A9318ECE966} = {D341F530-C844-4DDA-B3FB-783B137E5269}
		{8E92BA80-9846-4C0D-B509-121ADABFB394} = {D341F530-C844-4DDA-B3FB-783B137E5269}
		{FEE13F1D-D2DB-42FD-B48E-0EF7F904E644} = {D341F530-C844-4DDA-B3FB-783B137E5269}
		{BA0EAD59-8C10-4559-8F33-4E7568CC1793} = {D341F530-C844-4DDA-B3FB-783B137E5269}
		{94B401FD-5B10-4647-A7DF-0FD6823B8F80} = {D341F530-C844-4DDA-B3FB-783B137E5269}
		{99807DFE-D696-48D3-BE45-B9D79BBEBD82} = {D341F530-C844-4DDA-B3FB-783B137E5269}
		{957BA9EE-12E5-4AC1-8DD5-14CC165C62D7} = {DE51D226-CAB4-4662-9FCE-050DC9D59861}
		{DDAD1930-5F92-4BE1-81F6-1C106E5F208F} = {354E796D-E170-41E1-8E29-DC2B4B89D92E}
		{110F62D2-69C9-47E6-B26D-DD3BD0EC1B61} = {DE51D226-CAB4-4662-9FCE-050DC9D59861}
	EndGlobalSection
EndGlobal
